
Microsoft Visual Studio Solution File, Format Version 12.00
# Visual Studio Version 17
VisualStudioVersion = 17.4.33110.190
MinimumVisualStudioVersion = 10.0.40219.1
Project("{2150E333-8FDC-42A3-9474-1A3956D46DE8}") = "PendikOscarSineması", "PendikOscarSineması", "{DF14957C-79AA-40D1-9F58-2F8961ED13C6}"
	ProjectSection(SolutionItems) = preProject
		1.EsaretinBedeli.jpg = 1.EsaretinBedeli.jpg
		2.Baba.JPG = 2.Baba.JPG
		3.KaraSovalye.JPG = 3.KaraSovalye.JPG
		4.DovusKlubu.jpg = 4.DovusKlubu.jpg
		Anasayfa.html = Anasayfa.html
		anasayfafoto.jpg = anasayfafoto.jpg
		bootstrap.css = bootstrap.css
		cinema.png = cinema.png
		Vizyondakiler.html = Vizyondakiler.html
		Salonlar.html = Salonlar.html
	EndProjectSection
EndProject
Global
	GlobalSection(SolutionProperties) = preSolution
		HideSolutionNode = FALSE
	EndGlobalSection
	GlobalSection(ExtensibilityGlobals) = postSolution
		SolutionGuid = {A29280C0-CEE9-4664-B4CF-1C5806153467}
	EndGlobalSection
EndGlobal
